// !$*UTF8*$!
{
	archiveVersion = 1;
	classes = {
	};
	objectVersion = 48;
	objects = {

/* Begin PBXBuildFile section */
		2C4C293D1FC5FBE300C34128 /* AppDelegate.m in Sources */ = {isa = PBXBuildFile; fileRef = 2C4C293C1FC5FBE300C34128 /* AppDelegate.m */; };
		2C4C29431FC5FBE300C34128 /* Main.storyboard in Resources */ = {isa = PBXBuildFile; fileRef = 2C4C29411FC5FBE300C34128 /* Main.storyboard */; };
		2C4C29451FC5FBE300C34128 /* Assets.xcassets in Resources */ = {isa = PBXBuildFile; fileRef = 2C4C29441FC5FBE300C34128 /* Assets.xcassets */; };
		2C4C29481FC5FBE300C34128 /* LaunchScreen.storyboard in Resources */ = {isa = PBXBuildFile; fileRef = 2C4C29461FC5FBE300C34128 /* LaunchScreen.storyboard */; };
		2C4C294B1FC5FBE300C34128 /* main.m in Sources */ = {isa = PBXBuildFile; fileRef = 2C4C294A1FC5FBE300C34128 /* main.m */; };
		2C4C29531FC5FF6600C34128 /* FlickrNetwork.m in Sources */ = {isa = PBXBuildFile; fileRef = 2C4C29521FC5FF6600C34128 /* FlickrNetwork.m */; };
		2C4C29591FC618AC00C34128 /* TagsTableViewController.m in Sources */ = {isa = PBXBuildFile; fileRef = 2C4C29581FC618AC00C34128 /* TagsTableViewController.m */; };
		2C7EDDFA1FC866D1002C8450 /* TagsService.m in Sources */ = {isa = PBXBuildFile; fileRef = 2C7EDDF91FC866D1002C8450 /* TagsService.m */; };
		2CB5E0A01FC8A3CA00E75C03 /* PhotoImage.h in Resources */ = {isa = PBXBuildFile; fileRef = 2CDE8C6A1FC747950068FED5 /* PhotoImage.h */; };
		2CB5E0A11FC8A42000E75C03 /* ParamPhotosService.h in Resources */ = {isa = PBXBuildFile; fileRef = 2CDE8C6D1FC774B30068FED5 /* ParamPhotosService.h */; };
		2CB5E0A21FC8A42000E75C03 /* TagsService.h in Resources */ = {isa = PBXBuildFile; fileRef = 2C7EDDF81FC866D1002C8450 /* TagsService.h */; };
		2CB5E0A31FC8A42000E75C03 /* PhotoService.h in Resources */ = {isa = PBXBuildFile; fileRef = 2CBC99E51FC8962500522FB4 /* PhotoService.h */; };
		2CB5E0A41FC8A42000E75C03 /* FlickrNetwork.h in Resources */ = {isa = PBXBuildFile; fileRef = 2C4C29511FC5FF6600C34128 /* FlickrNetwork.h */; };
		2CB7E9811FCC9A9A00F78A0C /* SearchContent.m in Sources */ = {isa = PBXBuildFile; fileRef = 2CB7E9801FCC9A9A00F78A0C /* SearchContent.m */; };
		2CBC99E41FC894E300522FB4 /* ShowPhotoViewController.m in Sources */ = {isa = PBXBuildFile; fileRef = 2CBC99E31FC894E300522FB4 /* ShowPhotoViewController.m */; };
		2CBC99E71FC8962500522FB4 /* PhotoService.m in Sources */ = {isa = PBXBuildFile; fileRef = 2CBC99E61FC8962500522FB4 /* PhotoService.m */; };
		2CBC99EA1FC89B1300522FB4 /* Sizes.h in Resources */ = {isa = PBXBuildFile; fileRef = 2CBC99E81FC8988F00522FB4 /* Sizes.h */; };
		2CDE8C661FC7363C0068FED5 /* PhotosCollectionViewController.m in Sources */ = {isa = PBXBuildFile; fileRef = 2CDE8C651FC7363C0068FED5 /* PhotosCollectionViewController.m */; };
		2CDE8C6C1FC747950068FED5 /* PhotoImage.m in Sources */ = {isa = PBXBuildFile; fileRef = 2CDE8C6B1FC747950068FED5 /* PhotoImage.m */; };
		2CDE8C6F1FC774B30068FED5 /* ParamPhotosService.m in Sources */ = {isa = PBXBuildFile; fileRef = 2CDE8C6E1FC774B30068FED5 /* ParamPhotosService.m */; };
/* End PBXBuildFile section */

/* Begin PBXFileReference section */
		2C4C29381FC5FBE300C34128 /* dd_homework_final.app */ = {isa = PBXFileReference; explicitFileType = wrapper.application; includeInIndex = 0; path = dd_homework_final.app; sourceTree = BUILT_PRODUCTS_DIR; };
		2C4C293B1FC5FBE300C34128 /* AppDelegate.h */ = {isa = PBXFileReference; lastKnownFileType = sourcecode.c.h; path = AppDelegate.h; sourceTree = "<group>"; };
		2C4C293C1FC5FBE300C34128 /* AppDelegate.m */ = {isa = PBXFileReference; lastKnownFileType = sourcecode.c.objc; path = AppDelegate.m; sourceTree = "<group>"; };
		2C4C29421FC5FBE300C34128 /* Base */ = {isa = PBXFileReference; lastKnownFileType = file.storyboard; name = Base; path = Base.lproj/Main.storyboard; sourceTree = "<group>"; };
		2C4C29441FC5FBE300C34128 /* Assets.xcassets */ = {isa = PBXFileReference; lastKnownFileType = folder.assetcatalog; path = Assets.xcassets; sourceTree = "<group>"; };
		2C4C29471FC5FBE300C34128 /* Base */ = {isa = PBXFileReference; lastKnownFileType = file.storyboard; name = Base; path = Base.lproj/LaunchScreen.storyboard; sourceTree = "<group>"; };
		2C4C29491FC5FBE300C34128 /* Info.plist */ = {isa = PBXFileReference; lastKnownFileType = text.plist.xml; path = Info.plist; sourceTree = "<group>"; };
		2C4C294A1FC5FBE300C34128 /* main.m */ = {isa = PBXFileReference; lastKnownFileType = sourcecode.c.objc; path = main.m; sourceTree = "<group>"; };
		2C4C29511FC5FF6600C34128 /* FlickrNetwork.h */ = {isa = PBXFileReference; lastKnownFileType = sourcecode.c.h; path = FlickrNetwork.h; sourceTree = "<group>"; };
		2C4C29521FC5FF6600C34128 /* FlickrNetwork.m */ = {isa = PBXFileReference; lastKnownFileType = sourcecode.c.objc; path = FlickrNetwork.m; sourceTree = "<group>"; };
		2C4C29571FC618AC00C34128 /* TagsTableViewController.h */ = {isa = PBXFileReference; lastKnownFileType = sourcecode.c.h; path = TagsTableViewController.h; sourceTree = "<group>"; };
		2C4C29581FC618AC00C34128 /* TagsTableViewController.m */ = {isa = PBXFileReference; lastKnownFileType = sourcecode.c.objc; path = TagsTableViewController.m; sourceTree = "<group>"; };
		2C7EDDF81FC866D1002C8450 /* TagsService.h */ = {isa = PBXFileReference; lastKnownFileType = sourcecode.c.h; path = TagsService.h; sourceTree = "<group>"; };
		2C7EDDF91FC866D1002C8450 /* TagsService.m */ = {isa = PBXFileReference; lastKnownFileType = sourcecode.c.objc; path = TagsService.m; sourceTree = "<group>"; };
		2CB7E97F1FCC9A9A00F78A0C /* SearchContent.h */ = {isa = PBXFileReference; lastKnownFileType = sourcecode.c.h; path = SearchContent.h; sourceTree = "<group>"; };
		2CB7E9801FCC9A9A00F78A0C /* SearchContent.m */ = {isa = PBXFileReference; lastKnownFileType = sourcecode.c.objc; path = SearchContent.m; sourceTree = "<group>"; };
		2CBC99E21FC894E300522FB4 /* ShowPhotoViewController.h */ = {isa = PBXFileReference; lastKnownFileType = sourcecode.c.h; path = ShowPhotoViewController.h; sourceTree = "<group>"; };
		2CBC99E31FC894E300522FB4 /* ShowPhotoViewController.m */ = {isa = PBXFileReference; lastKnownFileType = sourcecode.c.objc; path = ShowPhotoViewController.m; sourceTree = "<group>"; };
		2CBC99E51FC8962500522FB4 /* PhotoService.h */ = {isa = PBXFileReference; lastKnownFileType = sourcecode.c.h; path = PhotoService.h; sourceTree = "<group>"; };
		2CBC99E61FC8962500522FB4 /* PhotoService.m */ = {isa = PBXFileReference; lastKnownFileType = sourcecode.c.objc; path = PhotoService.m; sourceTree = "<group>"; };
		2CBC99E81FC8988F00522FB4 /* Sizes.h */ = {isa = PBXFileReference; lastKnownFileType = sourcecode.c.h; path = Sizes.h; sourceTree = "<group>"; };
		2CDE8C641FC7363C0068FED5 /* PhotosCollectionViewController.h */ = {isa = PBXFileReference; lastKnownFileType = sourcecode.c.h; path = PhotosCollectionViewController.h; sourceTree = "<group>"; };
		2CDE8C651FC7363C0068FED5 /* PhotosCollectionViewController.m */ = {isa = PBXFileReference; lastKnownFileType = sourcecode.c.objc; path = PhotosCollectionViewController.m; sourceTree = "<group>"; };
		2CDE8C6A1FC747950068FED5 /* PhotoImage.h */ = {isa = PBXFileReference; lastKnownFileType = sourcecode.c.h; path = PhotoImage.h; sourceTree = "<group>"; };
		2CDE8C6B1FC747950068FED5 /* PhotoImage.m */ = {isa = PBXFileReference; lastKnownFileType = sourcecode.c.objc; path = PhotoImage.m; sourceTree = "<group>"; };
		2CDE8C6D1FC774B30068FED5 /* ParamPhotosService.h */ = {isa = PBXFileReference; lastKnownFileType = sourcecode.c.h; path = ParamPhotosService.h; sourceTree = "<group>"; };
		2CDE8C6E1FC774B30068FED5 /* ParamPhotosService.m */ = {isa = PBXFileReference; lastKnownFileType = sourcecode.c.objc; path = ParamPhotosService.m; sourceTree = "<group>"; };
/* End PBXFileReference section */

/* Begin PBXFrameworksBuildPhase section */
		2C4C29351FC5FBE200C34128 /* Frameworks */ = {
			isa = PBXFrameworksBuildPhase;
			buildActionMask = 2147483647;
			files = (
			);
			runOnlyForDeploymentPostprocessing = 0;
		};
/* End PBXFrameworksBuildPhase section */

/* Begin PBXGroup section */
		2C4C292F1FC5FBE200C34128 = {
			isa = PBXGroup;
			children = (
				2C4C293A1FC5FBE300C34128 /* dd_homework_final */,
				2C4C29391FC5FBE300C34128 /* Products */,
			);
			sourceTree = "<group>";
		};
		2C4C29391FC5FBE300C34128 /* Products */ = {
			isa = PBXGroup;
			children = (
				2C4C29381FC5FBE300C34128 /* dd_homework_final.app */,
			);
			name = Products;
			sourceTree = "<group>";
		};
		2C4C293A1FC5FBE300C34128 /* dd_homework_final */ = {
			isa = PBXGroup;
			children = (
				2C4C293B1FC5FBE300C34128 /* AppDelegate.h */,
				2C4C293C1FC5FBE300C34128 /* AppDelegate.m */,
				2CBC99E81FC8988F00522FB4 /* Sizes.h */,
				2CBC99E01FC88E1A00522FB4 /* ViewControllers */,
				2CBC99DF1FC88DE500522FB4 /* Services */,
				2CBC99E11FC8907B00522FB4 /* Network */,
				2CDE8C6A1FC747950068FED5 /* PhotoImage.h */,
				2CDE8C6B1FC747950068FED5 /* PhotoImage.m */,
				2CB7E97F1FCC9A9A00F78A0C /* SearchContent.h */,
				2CB7E9801FCC9A9A00F78A0C /* SearchContent.m */,
				2C4C29411FC5FBE300C34128 /* Main.storyboard */,
				2C4C29441FC5FBE300C34128 /* Assets.xcassets */,
				2C4C29461FC5FBE300C34128 /* LaunchScreen.storyboard */,
				2C4C29491FC5FBE300C34128 /* Info.plist */,
				2C4C294A1FC5FBE300C34128 /* main.m */,
			);
			path = dd_homework_final;
			sourceTree = "<group>";
		};
		2CBC99DF1FC88DE500522FB4 /* Services */ = {
			isa = PBXGroup;
			children = (
				2CDE8C6D1FC774B30068FED5 /* ParamPhotosService.h */,
				2CDE8C6E1FC774B30068FED5 /* ParamPhotosService.m */,
				2C7EDDF81FC866D1002C8450 /* TagsService.h */,
				2C7EDDF91FC866D1002C8450 /* TagsService.m */,
				2CBC99E51FC8962500522FB4 /* PhotoService.h */,
				2CBC99E61FC8962500522FB4 /* PhotoService.m */,
			);
			path = Services;
			sourceTree = "<group>";
		};
		2CBC99E01FC88E1A00522FB4 /* ViewControllers */ = {
			isa = PBXGroup;
			children = (
				2C4C29571FC618AC00C34128 /* TagsTableViewController.h */,
				2C4C29581FC618AC00C34128 /* TagsTableViewController.m */,
				2CDE8C641FC7363C0068FED5 /* PhotosCollectionViewController.h */,
				2CDE8C651FC7363C0068FED5 /* PhotosCollectionViewController.m */,
				2CBC99E21FC894E300522FB4 /* ShowPhotoViewController.h */,
				2CBC99E31FC894E300522FB4 /* ShowPhotoViewController.m */,
			);
			path = ViewControllers;
			sourceTree = "<group>";
		};
		2CBC99E11FC8907B00522FB4 /* Network */ = {
			isa = PBXGroup;
			children = (
				2C4C29511FC5FF6600C34128 /* FlickrNetwork.h */,
				2C4C29521FC5FF6600C34128 /* FlickrNetwork.m */,
			);
			path = Network;
			sourceTree = "<group>";
		};
/* End PBXGroup section */

/* Begin PBXNativeTarget section */
		2C4C29371FC5FBE200C34128 /* dd_homework_final */ = {
			isa = PBXNativeTarget;
			buildConfigurationList = 2C4C294E1FC5FBE300C34128 /* Build configuration list for PBXNativeTarget "dd_homework_final" */;
			buildPhases = (
				2C4C29341FC5FBE200C34128 /* Sources */,
				2C4C29351FC5FBE200C34128 /* Frameworks */,
				2C4C29361FC5FBE200C34128 /* Resources */,
			);
			buildRules = (
			);
			dependencies = (
			);
			name = dd_homework_final;
			productName = dd_homework_final;
			productReference = 2C4C29381FC5FBE300C34128 /* dd_homework_final.app */;
			productType = "com.apple.product-type.application";
		};
/* End PBXNativeTarget section */

/* Begin PBXProject section */
		2C4C29301FC5FBE200C34128 /* Project object */ = {
			isa = PBXProject;
			attributes = {
				LastUpgradeCheck = 0910;
				ORGANIZATIONNAME = "Ivan Babkin";
				TargetAttributes = {
					2C4C29371FC5FBE200C34128 = {
						CreatedOnToolsVersion = 9.1;
						ProvisioningStyle = Automatic;
					};
				};
			};
			buildConfigurationList = 2C4C29331FC5FBE200C34128 /* Build configuration list for PBXProject "dd_homework_final" */;
			compatibilityVersion = "Xcode 8.0";
			developmentRegion = en;
			hasScannedForEncodings = 0;
			knownRegions = (
				en,
				Base,
			);
			mainGroup = 2C4C292F1FC5FBE200C34128;
			productRefGroup = 2C4C29391FC5FBE300C34128 /* Products */;
			projectDirPath = "";
			projectRoot = "";
			targets = (
				2C4C29371FC5FBE200C34128 /* dd_homework_final */,
			);
		};
/* End PBXProject section */

/* Begin PBXResourcesBuildPhase section */
		2C4C29361FC5FBE200C34128 /* Resources */ = {
			isa = PBXResourcesBuildPhase;
			buildActionMask = 2147483647;
			files = (
				2CB5E0A11FC8A42000E75C03 /* ParamPhotosService.h in Resources */,
				2CB5E0A21FC8A42000E75C03 /* TagsService.h in Resources */,
				2CB5E0A31FC8A42000E75C03 /* PhotoService.h in Resources */,
				2CB5E0A41FC8A42000E75C03 /* FlickrNetwork.h in Resources */,
				2CB5E0A01FC8A3CA00E75C03 /* PhotoImage.h in Resources */,
				2CBC99EA1FC89B1300522FB4 /* Sizes.h in Resources */,
				2C4C29481FC5FBE300C34128 /* LaunchScreen.storyboard in Resources */,
				2C4C29451FC5FBE300C34128 /* Assets.xcassets in Resources */,
				2C4C29431FC5FBE300C34128 /* Main.storyboard in Resources */,
			);
			runOnlyForDeploymentPostprocessing = 0;
		};
/* End PBXResourcesBuildPhase section */

/* Begin PBXSourcesBuildPhase section */
		2C4C29341FC5FBE200C34128 /* Sources */ = {
			isa = PBXSourcesBuildPhase;
			buildActionMask = 2147483647;
			files = (
				2C7EDDFA1FC866D1002C8450 /* TagsService.m in Sources */,
				2CDE8C6F1FC774B30068FED5 /* ParamPhotosService.m in Sources */,
				2CDE8C661FC7363C0068FED5 /* PhotosCollectionViewController.m in Sources */,
				2CBC99E41FC894E300522FB4 /* ShowPhotoViewController.m in Sources */,
				2CBC99E71FC8962500522FB4 /* PhotoService.m in Sources */,
				2C4C294B1FC5FBE300C34128 /* main.m in Sources */,
				2CDE8C6C1FC747950068FED5 /* PhotoImage.m in Sources */,
				2C4C29531FC5FF6600C34128 /* FlickrNetwork.m in Sources */,
				2C4C29591FC618AC00C34128 /* TagsTableViewController.m in Sources */,
				2CB7E9811FCC9A9A00F78A0C /* SearchContent.m in Sources */,
				2C4C293D1FC5FBE300C34128 /* AppDelegate.m in Sources */,
			);
			runOnlyForDeploymentPostprocessing = 0;
		};
/* End PBXSourcesBuildPhase section */

/* Begin PBXVariantGroup section */
		2C4C29411FC5FBE300C34128 /* Main.storyboard */ = {
			isa = PBXVariantGroup;
			children = (
				2C4C29421FC5FBE300C34128 /* Base */,
			);
			name = Main.storyboard;
			sourceTree = "<group>";
		};
		2C4C29461FC5FBE300C34128 /* LaunchScreen.storyboard */ = {
			isa = PBXVariantGroup;
			children = (
				2C4C29471FC5FBE300C34128 /* Base */,
			);
			name = LaunchScreen.storyboard;
			sourceTree = "<group>";
		};
/* End PBXVariantGroup section */

/* Begin XCBuildConfiguration section */
		2C4C294C1FC5FBE300C34128 /* Debug */ = {
			isa = XCBuildConfiguration;
			buildSettings = {
				ALWAYS_SEARCH_USER_PATHS = NO;
				CLANG_ANALYZER_NONNULL = YES;
				CLANG_ANALYZER_NUMBER_OBJECT_CONVERSION = YES_AGGRESSIVE;
				CLANG_CXX_LANGUAGE_STANDARD = "gnu++14";
				CLANG_CXX_LIBRARY = "libc++";
				CLANG_ENABLE_MODULES = YES;
				CLANG_ENABLE_OBJC_ARC = YES;
				CLANG_WARN_BLOCK_CAPTURE_AUTORELEASING = YES;
				CLANG_WARN_BOOL_CONVERSION = YES;
				CLANG_WARN_COMMA = YES;
				CLANG_WARN_CONSTANT_CONVERSION = YES;
				CLANG_WARN_DIRECT_OBJC_ISA_USAGE = YES_ERROR;
				CLANG_WARN_DOCUMENTATION_COMMENTS = YES;
				CLANG_WARN_EMPTY_BODY = YES;
				CLANG_WARN_ENUM_CONVERSION = YES;
				CLANG_WARN_INFINITE_RECURSION = YES;
				CLANG_WARN_INT_CONVERSION = YES;
				CLANG_WARN_NON_LITERAL_NULL_CONVERSION = YES;
				CLANG_WARN_OBJC_LITERAL_CONVERSION = YES;
				CLANG_WARN_OBJC_ROOT_CLASS = YES_ERROR;
				CLANG_WARN_RANGE_LOOP_ANALYSIS = YES;
				CLANG_WARN_STRICT_PROTOTYPES = YES;
				CLANG_WARN_SUSPICIOUS_MOVE = YES;
				CLANG_WARN_UNGUARDED_AVAILABILITY = YES_AGGRESSIVE;
				CLANG_WARN_UNREACHABLE_CODE = YES;
				CLANG_WARN__DUPLICATE_METHOD_MATCH = YES;
				CODE_SIGN_IDENTITY = "iPhone Developer";
				COPY_PHASE_STRIP = NO;
				DEBUG_INFORMATION_FORMAT = dwarf;
				ENABLE_STRICT_OBJC_MSGSEND = YES;
				ENABLE_TESTABILITY = YES;
				GCC_C_LANGUAGE_STANDARD = gnu11;
				GCC_DYNAMIC_NO_PIC = NO;
				GCC_NO_COMMON_BLOCKS = YES;
				GCC_OPTIMIZATION_LEVEL = 0;
				GCC_PREPROCESSOR_DEFINITIONS = (
					"DEBUG=1",
					"$(inherited)",
				);
				GCC_WARN_64_TO_32_BIT_CONVERSION = YES;
				GCC_WARN_ABOUT_RETURN_TYPE = YES_ERROR;
				GCC_WARN_UNDECLARED_SELECTOR = YES;
				GCC_WARN_UNINITIALIZED_AUTOS = YES_AGGRESSIVE;
				GCC_WARN_UNUSED_FUNCTION = YES;
				GCC_WARN_UNUSED_VARIABLE = YES;
				IPHONEOS_DEPLOYMENT_TARGET = 11.1;
				MTL_ENABLE_DEBUG_INFO = YES;
				ONLY_ACTIVE_ARCH = YES;
				SDKROOT = iphoneos;
			};
			name = Debug;
		};
		2C4C294D1FC5FBE300C34128 /* Release */ = {
			isa = XCBuildConfiguration;
			buildSettings = {
				ALWAYS_SEARCH_USER_PATHS = NO;
				CLANG_ANALYZER_NONNULL = YES;
				CLANG_ANALYZER_NUMBER_OBJECT_CONVERSION = YES_AGGRESSIVE;
				CLANG_CXX_LANGUAGE_STANDARD = "gnu++14";
				CLANG_CXX_LIBRARY = "libc++";
				CLANG_ENABLE_MODULES = YES;
				CLANG_ENABLE_OBJC_ARC = YES;
				CLANG_WARN_BLOCK_CAPTURE_AUTORELEASING = YES;
				CLANG_WARN_BOOL_CONVERSION = YES;
				CLANG_WARN_COMMA = YES;
				CLANG_WARN_CONSTANT_CONVERSION = YES;
				CLANG_WARN_DIRECT_OBJC_ISA_USAGE = YES_ERROR;
				CLANG_WARN_DOCUMENTATION_COMMENTS = YES;
				CLANG_WARN_EMPTY_BODY = YES;
				CLANG_WARN_ENUM_CONVERSION = YES;
				CLANG_WARN_INFINITE_RECURSION = YES;
				CLANG_WARN_INT_CONVERSION = YES;
				CLANG_WARN_NON_LITERAL_NULL_CONVERSION = YES;
				CLANG_WARN_OBJC_LITERAL_CONVERSION = YES;
				CLANG_WARN_OBJC_ROOT_CLASS = YES_ERROR;
				CLANG_WARN_RANGE_LOOP_ANALYSIS = YES;
				CLANG_WARN_STRICT_PROTOTYPES = YES;
				CLANG_WARN_SUSPICIOUS_MOVE = YES;
				CLANG_WARN_UNGUARDED_AVAILABILITY = YES_AGGRESSIVE;
				CLANG_WARN_UNREACHABLE_CODE = YES;
				CLANG_WARN__DUPLICATE_METHOD_MATCH = YES;
				CODE_SIGN_IDENTITY = "iPhone Developer";
				COPY_PHASE_STRIP = NO;
				DEBUG_INFORMATION_FORMAT = "dwarf-with-dsym";
				ENABLE_NS_ASSERTIONS = NO;
				ENABLE_STRICT_OBJC_MSGSEND = YES;
				GCC_C_LANGUAGE_STANDARD = gnu11;
				GCC_NO_COMMON_BLOCKS = YES;
				GCC_WARN_64_TO_32_BIT_CONVERSION = YES;
				GCC_WARN_ABOUT_RETURN_TYPE = YES_ERROR;
				GCC_WARN_UNDECLARED_SELECTOR = YES;
				GCC_WARN_UNINITIALIZED_AUTOS = YES_AGGRESSIVE;
				GCC_WARN_UNUSED_FUNCTION = YES;
				GCC_WARN_UNUSED_VARIABLE = YES;
				IPHONEOS_DEPLOYMENT_TARGET = 11.1;
				MTL_ENABLE_DEBUG_INFO = NO;
				SDKROOT = iphoneos;
				VALIDATE_PRODUCT = YES;
			};
			name = Release;
		};
		2C4C294F1FC5FBE300C34128 /* Debug */ = {
			isa = XCBuildConfiguration;
			buildSettings = {
				ASSETCATALOG_COMPILER_APPICON_NAME = AppIcon;
				CODE_SIGN_STYLE = Automatic;
				DEVELOPMENT_TEAM = 6X84E35ZA8;
				INFOPLIST_FILE = dd_homework_final/Info.plist;
				LD_RUNPATH_SEARCH_PATHS = "$(inherited) @executable_path/Frameworks";
				PRODUCT_BUNDLE_IDENTIFIER = "ru.babkin.dd-homework-final";
				PRODUCT_NAME = "$(TARGET_NAME)";
				TARGETED_DEVICE_FAMILY = "1,2";
			};
			name = Debug;
		};
		2C4C29501FC5FBE300C34128 /* Release */ = {
			isa = XCBuildConfiguration;
			buildSettings = {
				ASSETCATALOG_COMPILER_APPICON_NAME = AppIcon;
				CODE_SIGN_STYLE = Automatic;
				DEVELOPMENT_TEAM = 6X84E35ZA8;
				INFOPLIST_FILE = dd_homework_final/Info.plist;
				LD_RUNPATH_SEARCH_PATHS = "$(inherited) @executable_path/Frameworks";
				PRODUCT_BUNDLE_IDENTIFIER = "ru.babkin.dd-homework-final";
				PRODUCT_NAME = "$(TARGET_NAME)";
				TARGETED_DEVICE_FAMILY = "1,2";
			};
			name = Release;
		};
/* End XCBuildConfiguration section */

/* Begin XCConfigurationList section */
		2C4C29331FC5FBE200C34128 /* Build configuration list for PBXProject "dd_homework_final" */ = {
			isa = XCConfigurationList;
			buildConfigurations = (
				2C4C294C1FC5FBE300C34128 /* Debug */,
				2C4C294D1FC5FBE300C34128 /* Release */,
			);
			defaultConfigurationIsVisible = 0;
			defaultConfigurationName = Release;
		};
		2C4C294E1FC5FBE300C34128 /* Build configuration list for PBXNativeTarget "dd_homework_final" */ = {
			isa = XCConfigurationList;
			buildConfigurations = (
				2C4C294F1FC5FBE300C34128 /* Debug */,
				2C4C29501FC5FBE300C34128 /* Release */,
			);
			defaultConfigurationIsVisible = 0;
			defaultConfigurationName = Release;
		};
/* End XCConfigurationList section */
	};
	rootObject = 2C4C29301FC5FBE200C34128 /* Project object */;
}
